
Microsoft Visual Studio Solution File, Format Version 12.00
# Visual Studio Version 17
VisualStudioVersion = 17.3.32929.385
MinimumVisualStudioVersion = 10.0.40219.1
Project("{2150E333-8FDC-42A3-9474-1A3956D46DE8}") = "Apps", "Apps", "{7EC54BB7-0787-4307-9036-3360062CBB36}"
EndProject
Project("{2150E333-8FDC-42A3-9474-1A3956D46DE8}") = "Libs", "Libs", "{D108D140-CEE6-462C-BB40-CF94DFCD02FE}"
EndProject
Project("{2150E333-8FDC-42A3-9474-1A3956D46DE8}") = "Tests", "Tests", "{A2D3707C-6DE6-4758-B3C4-7BF3DED50343}"
EndProject
Project("{2150E333-8FDC-42A3-9474-1A3956D46DE8}") = "Solution Items", "Solution Items", "{150F6920-FEAE-429B-921B-FA7493744CCD}"
	ProjectSection(SolutionItems) = preProject
		.editorconfig = .editorconfig
		.gitignore = .gitignore
		LICENSE = LICENSE
		README.md = README.md
	EndProjectSection
EndProject
Project("{9A19103F-16F7-4668-BE54-9A1E7A4F7556}") = "Lcl.EventLog", "Lcl.EventLog\Lcl.EventLog.csproj", "{BF7FC457-14E7-45DF-81B2-4CFCD18ED6C8}"
EndProject
Project("{9A19103F-16F7-4668-BE54-9A1E7A4F7556}") = "UnitTest.Lcl.EventLog", "UnitTest.Lcl.EventLog\UnitTest.Lcl.EventLog.csproj", "{871A82F7-45E4-4BD1-BE74-A0A3BEE68C83}"
EndProject
Project("{6EC3EE1D-3C4E-46DD-8F32-0CC8E7565705}") = "eventtool", "eventtool\eventtool.fsproj", "{1FEC05F8-BF25-4726-9291-A98E80DD81DB}"
EndProject
Project("{F2A71F9B-5D33-465A-A702-920D77279786}") = "event_db_updater", "event_db_updater\event_db_updater.fsproj", "{39363468-9756-4997-AE09-EF77BBA0771B}"
EndProject
Global
	GlobalSection(SolutionConfigurationPlatforms) = preSolution
		Debug|Any CPU = Debug|Any CPU
		Release|Any CPU = Release|Any CPU
	EndGlobalSection
	GlobalSection(ProjectConfigurationPlatforms) = postSolution
		{BF7FC457-14E7-45DF-81B2-4CFCD18ED6C8}.Debug|Any CPU.ActiveCfg = Debug|Any CPU
		{BF7FC457-14E7-45DF-81B2-4CFCD18ED6C8}.Debug|Any CPU.Build.0 = Debug|Any CPU
		{BF7FC457-14E7-45DF-81B2-4CFCD18ED6C8}.Release|Any CPU.ActiveCfg = Release|Any CPU
		{BF7FC457-14E7-45DF-81B2-4CFCD18ED6C8}.Release|Any CPU.Build.0 = Release|Any CPU
		{871A82F7-45E4-4BD1-BE74-A0A3BEE68C83}.Debug|Any CPU.ActiveCfg = Debug|Any CPU
		{871A82F7-45E4-4BD1-BE74-A0A3BEE68C83}.Debug|Any CPU.Build.0 = Debug|Any CPU
		{871A82F7-45E4-4BD1-BE74-A0A3BEE68C83}.Release|Any CPU.ActiveCfg = Release|Any CPU
		{871A82F7-45E4-4BD1-BE74-A0A3BEE68C83}.Release|Any CPU.Build.0 = Release|Any CPU
		{1FEC05F8-BF25-4726-9291-A98E80DD81DB}.Debug|Any CPU.ActiveCfg = Debug|Any CPU
		{1FEC05F8-BF25-4726-9291-A98E80DD81DB}.Debug|Any CPU.Build.0 = Debug|Any CPU
		{1FEC05F8-BF25-4726-9291-A98E80DD81DB}.Release|Any CPU.ActiveCfg = Release|Any CPU
		{1FEC05F8-BF25-4726-9291-A98E80DD81DB}.Release|Any CPU.Build.0 = Release|Any CPU
		{39363468-9756-4997-AE09-EF77BBA0771B}.Debug|Any CPU.ActiveCfg = Debug|Any CPU
		{39363468-9756-4997-AE09-EF77BBA0771B}.Debug|Any CPU.Build.0 = Debug|Any CPU
		{39363468-9756-4997-AE09-EF77BBA0771B}.Release|Any CPU.ActiveCfg = Release|Any CPU
		{39363468-9756-4997-AE09-EF77BBA0771B}.Release|Any CPU.Build.0 = Release|Any CPU
	EndGlobalSection
	GlobalSection(SolutionProperties) = preSolution
		HideSolutionNode = FALSE
	EndGlobalSection
	GlobalSection(NestedProjects) = preSolution
		{BF7FC457-14E7-45DF-81B2-4CFCD18ED6C8} = {D108D140-CEE6-462C-BB40-CF94DFCD02FE}
		{871A82F7-45E4-4BD1-BE74-A0A3BEE68C83} = {A2D3707C-6DE6-4758-B3C4-7BF3DED50343}
		{1FEC05F8-BF25-4726-9291-A98E80DD81DB} = {7EC54BB7-0787-4307-9036-3360062CBB36}
		{39363468-9756-4997-AE09-EF77BBA0771B} = {7EC54BB7-0787-4307-9036-3360062CBB36}
	EndGlobalSection
	GlobalSection(ExtensibilityGlobals) = postSolution
		SolutionGuid = {B1494EEF-02A8-43AD-9811-14BF25EBC0FF}
	EndGlobalSection
EndGlobal
